// !$*UTF8*$!
{
	archiveVersion = 1;
	classes = {
	};
	objectVersion = 55;
	objects = {

/* Begin PBXBuildFile section */
		6A9349D9289064570048C9AD /* TerraApp.swift in Sources */ = {isa = PBXBuildFile; fileRef = 6A9349D8289064570048C9AD /* TerraApp.swift */; };
		6A9349DB289064570048C9AD /* MainView.swift in Sources */ = {isa = PBXBuildFile; fileRef = 6A9349DA289064570048C9AD /* MainView.swift */; };
		6A9349DD289064590048C9AD /* Assets.xcassets in Resources */ = {isa = PBXBuildFile; fileRef = 6A9349DC289064590048C9AD /* Assets.xcassets */; };
		6A9349E0289064590048C9AD /* Preview Assets.xcassets in Resources */ = {isa = PBXBuildFile; fileRef = 6A9349DF289064590048C9AD /* Preview Assets.xcassets */; };
		6A9349E72891A0370048C9AD /* Struct.swift in Sources */ = {isa = PBXBuildFile; fileRef = 6A9349E62891A0370048C9AD /* Struct.swift */; };
		6A9349EB2891A57F0048C9AD /* TaskHistoryDetail.swift in Sources */ = {isa = PBXBuildFile; fileRef = 6A9349EA2891A57F0048C9AD /* TaskHistoryDetail.swift */; };
		6A9349ED2891D3660048C9AD /* AddTaskView.swift in Sources */ = {isa = PBXBuildFile; fileRef = 6A9349EC2891D3660048C9AD /* AddTaskView.swift */; };
		6A9349EF289263070048C9AD /* PlantCollection.swift in Sources */ = {isa = PBXBuildFile; fileRef = 6A9349EE289263070048C9AD /* PlantCollection.swift */; };
/* End PBXBuildFile section */

/* Begin PBXFileReference section */
		6A9349D5289064570048C9AD /* Terra.app */ = {isa = PBXFileReference; explicitFileType = wrapper.application; includeInIndex = 0; path = Terra.app; sourceTree = BUILT_PRODUCTS_DIR; };
		6A9349D8289064570048C9AD /* TerraApp.swift */ = {isa = PBXFileReference; lastKnownFileType = sourcecode.swift; path = TerraApp.swift; sourceTree = "<group>"; };
		6A9349DA289064570048C9AD /* MainView.swift */ = {isa = PBXFileReference; lastKnownFileType = sourcecode.swift; path = MainView.swift; sourceTree = "<group>"; };
		6A9349DC289064590048C9AD /* Assets.xcassets */ = {isa = PBXFileReference; lastKnownFileType = folder.assetcatalog; path = Assets.xcassets; sourceTree = "<group>"; };
		6A9349DF289064590048C9AD /* Preview Assets.xcassets */ = {isa = PBXFileReference; lastKnownFileType = folder.assetcatalog; path = "Preview Assets.xcassets"; sourceTree = "<group>"; };
		6A9349E62891A0370048C9AD /* Struct.swift */ = {isa = PBXFileReference; lastKnownFileType = sourcecode.swift; path = Struct.swift; sourceTree = "<group>"; };
		6A9349EA2891A57F0048C9AD /* TaskHistoryDetail.swift */ = {isa = PBXFileReference; lastKnownFileType = sourcecode.swift; path = TaskHistoryDetail.swift; sourceTree = "<group>"; };
		6A9349EC2891D3660048C9AD /* AddTaskView.swift */ = {isa = PBXFileReference; lastKnownFileType = sourcecode.swift; path = AddTaskView.swift; sourceTree = "<group>"; };
		6A9349EE289263070048C9AD /* PlantCollection.swift */ = {isa = PBXFileReference; lastKnownFileType = sourcecode.swift; path = PlantCollection.swift; sourceTree = "<group>"; };
/* End PBXFileReference section */

/* Begin PBXFrameworksBuildPhase section */
		6A9349D2289064570048C9AD /* Frameworks */ = {
			isa = PBXFrameworksBuildPhase;
			buildActionMask = 2147483647;
			files = (
			);
			runOnlyForDeploymentPostprocessing = 0;
		};
/* End PBXFrameworksBuildPhase section */

/* Begin PBXGroup section */
		6A9349CC289064570048C9AD = {
			isa = PBXGroup;
			children = (
				6A9349D7289064570048C9AD /* Terra */,
				6A9349D6289064570048C9AD /* Products */,
			);
			sourceTree = "<group>";
		};
		6A9349D6289064570048C9AD /* Products */ = {
			isa = PBXGroup;
			children = (
				6A9349D5289064570048C9AD /* Terra.app */,
			);
			name = Products;
			sourceTree = "<group>";
		};
		6A9349D7289064570048C9AD /* Terra */ = {
			isa = PBXGroup;
			children = (
				6A9349D8289064570048C9AD /* TerraApp.swift */,
				6A9349DA289064570048C9AD /* MainView.swift */,
				6A9349EA2891A57F0048C9AD /* TaskHistoryDetail.swift */,
				6A9349E62891A0370048C9AD /* Struct.swift */,
				6A9349EC2891D3660048C9AD /* AddTaskView.swift */,
				6A9349EE289263070048C9AD /* PlantCollection.swift */,
				6A9349DC289064590048C9AD /* Assets.xcassets */,
				6A9349DE289064590048C9AD /* Preview Content */,
			);
			path = Terra;
			sourceTree = "<group>";
		};
		6A9349DE289064590048C9AD /* Preview Content */ = {
			isa = PBXGroup;
			children = (
				6A9349DF289064590048C9AD /* Preview Assets.xcassets */,
			);
			path = "Preview Content";
			sourceTree = "<group>";
		};
/* End PBXGroup section */

/* Begin PBXNativeTarget section */
		6A9349D4289064570048C9AD /* Terra */ = {
			isa = PBXNativeTarget;
			buildConfigurationList = 6A9349E3289064590048C9AD /* Build configuration list for PBXNativeTarget "Terra" */;
			buildPhases = (
				6A9349D1289064570048C9AD /* Sources */,
				6A9349D2289064570048C9AD /* Frameworks */,
				6A9349D3289064570048C9AD /* Resources */,
			);
			buildRules = (
			);
			dependencies = (
			);
			name = Terra;
			productName = Terra;
			productReference = 6A9349D5289064570048C9AD /* Terra.app */;
			productType = "com.apple.product-type.application";
		};
/* End PBXNativeTarget section */

/* Begin PBXProject section */
		6A9349CD289064570048C9AD /* Project object */ = {
			isa = PBXProject;
			attributes = {
				BuildIndependentTargetsInParallel = 1;
				LastSwiftUpdateCheck = 1340;
				LastUpgradeCheck = 1340;
				TargetAttributes = {
					6A9349D4289064570048C9AD = {
						CreatedOnToolsVersion = 13.4.1;
					};
				};
			};
			buildConfigurationList = 6A9349D0289064570048C9AD /* Build configuration list for PBXProject "Terra" */;
			compatibilityVersion = "Xcode 13.0";
			developmentRegion = en;
			hasScannedForEncodings = 0;
			knownRegions = (
				en,
				Base,
			);
			mainGroup = 6A9349CC289064570048C9AD;
			productRefGroup = 6A9349D6289064570048C9AD /* Products */;
			projectDirPath = "";
			projectRoot = "";
			targets = (
				6A9349D4289064570048C9AD /* Terra */,
			);
		};
/* End PBXProject section */

/* Begin PBXResourcesBuildPhase section */
		6A9349D3289064570048C9AD /* Resources */ = {
			isa = PBXResourcesBuildPhase;
			buildActionMask = 2147483647;
			files = (
				6A9349E0289064590048C9AD /* Preview Assets.xcassets in Resources */,
				6A9349DD289064590048C9AD /* Assets.xcassets in Resources */,
			);
			runOnlyForDeploymentPostprocessing = 0;
		};
/* End PBXResourcesBuildPhase section */

/* Begin PBXSourcesBuildPhase section */
		6A9349D1289064570048C9AD /* Sources */ = {
			isa = PBXSourcesBuildPhase;
			buildActionMask = 2147483647;
			files = (
				6A9349EF289263070048C9AD /* PlantCollection.swift in Sources */,
				6A9349E72891A0370048C9AD /* Struct.swift in Sources */,
				6A9349ED2891D3660048C9AD /* AddTaskView.swift in Sources */,
				6A9349DB289064570048C9AD /* MainView.swift in Sources */,
				6A9349EB2891A57F0048C9AD /* TaskHistoryDetail.swift in Sources */,
				6A9349D9289064570048C9AD /* TerraApp.swift in Sources */,
			);
			runOnlyForDeploymentPostprocessing = 0;
		};
/* End PBXSourcesBuildPhase section */

/* Begin XCBuildConfiguration section */
		6A9349E1289064590048C9AD /* Debug */ = {
			isa = XCBuildConfiguration;
			buildSettings = {
				ALWAYS_SEARCH_USER_PATHS = NO;
				CLANG_ANALYZER_NONNULL = YES;
				CLANG_ANALYZER_NUMBER_OBJECT_CONVERSION = YES_AGGRESSIVE;
				CLANG_CXX_LANGUAGE_STANDARD = "gnu++17";
				CLANG_ENABLE_MODULES = YES;
				CLANG_ENABLE_OBJC_ARC = YES;
				CLANG_ENABLE_OBJC_WEAK = YES;
				CLANG_WARN_BLOCK_CAPTURE_AUTORELEASING = YES;
				CLANG_WARN_BOOL_CONVERSION = YES;
				CLANG_WARN_COMMA = YES;
				CLANG_WARN_CONSTANT_CONVERSION = YES;
				CLANG_WARN_DEPRECATED_OBJC_IMPLEMENTATIONS = YES;
				CLANG_WARN_DIRECT_OBJC_ISA_USAGE = YES_ERROR;
				CLANG_WARN_DOCUMENTATION_COMMENTS = YES;
				CLANG_WARN_EMPTY_BODY = YES;
				CLANG_WARN_ENUM_CONVERSION = YES;
				CLANG_WARN_INFINITE_RECURSION = YES;
				CLANG_WARN_INT_CONVERSION = YES;
				CLANG_WARN_NON_LITERAL_NULL_CONVERSION = YES;
				CLANG_WARN_OBJC_IMPLICIT_RETAIN_SELF = YES;
				CLANG_WARN_OBJC_LITERAL_CONVERSION = YES;
				CLANG_WARN_OBJC_ROOT_CLASS = YES_ERROR;
				CLANG_WARN_QUOTED_INCLUDE_IN_FRAMEWORK_HEADER = YES;
				CLANG_WARN_RANGE_LOOP_ANALYSIS = YES;
				CLANG_WARN_STRICT_PROTOTYPES = YES;
				CLANG_WARN_SUSPICIOUS_MOVE = YES;
				CLANG_WARN_UNGUARDED_AVAILABILITY = YES_AGGRESSIVE;
				CLANG_WARN_UNREACHABLE_CODE = YES;
				CLANG_WARN__DUPLICATE_METHOD_MATCH = YES;
				COPY_PHASE_STRIP = NO;
				DEBUG_INFORMATION_FORMAT = dwarf;
				ENABLE_STRICT_OBJC_MSGSEND = YES;
				ENABLE_TESTABILITY = YES;
				GCC_C_LANGUAGE_STANDARD = gnu11;
				GCC_DYNAMIC_NO_PIC = NO;
				GCC_NO_COMMON_BLOCKS = YES;
				GCC_OPTIMIZATION_LEVEL = 0;
				GCC_PREPROCESSOR_DEFINITIONS = (
					"DEBUG=1",
					"$(inherited)",
				);
				GCC_WARN_64_TO_32_BIT_CONVERSION = YES;
				GCC_WARN_ABOUT_RETURN_TYPE = YES_ERROR;
				GCC_WARN_UNDECLARED_SELECTOR = YES;
				GCC_WARN_UNINITIALIZED_AUTOS = YES_AGGRESSIVE;
				GCC_WARN_UNUSED_FUNCTION = YES;
				GCC_WARN_UNUSED_VARIABLE = YES;
				IPHONEOS_DEPLOYMENT_TARGET = 15.5;
				MTL_ENABLE_DEBUG_INFO = INCLUDE_SOURCE;
				MTL_FAST_MATH = YES;
				ONLY_ACTIVE_ARCH = YES;
				SDKROOT = iphoneos;
				SWIFT_ACTIVE_COMPILATION_CONDITIONS = DEBUG;
				SWIFT_OPTIMIZATION_LEVEL = "-Onone";
			};
			name = Debug;
		};
		6A9349E2289064590048C9AD /* Release */ = {
			isa = XCBuildConfiguration;
			buildSettings = {
				ALWAYS_SEARCH_USER_PATHS = NO;
				CLANG_ANALYZER_NONNULL = YES;
				CLANG_ANALYZER_NUMBER_OBJECT_CONVERSION = YES_AGGRESSIVE;
				CLANG_CXX_LANGUAGE_STANDARD = "gnu++17";
				CLANG_ENABLE_MODULES = YES;
				CLANG_ENABLE_OBJC_ARC = YES;
				CLANG_ENABLE_OBJC_WEAK = YES;
				CLANG_WARN_BLOCK_CAPTURE_AUTORELEASING = YES;
				CLANG_WARN_BOOL_CONVERSION = YES;
				CLANG_WARN_COMMA = YES;
				CLANG_WARN_CONSTANT_CONVERSION = YES;
				CLANG_WARN_DEPRECATED_OBJC_IMPLEMENTATIONS = YES;
				CLANG_WARN_DIRECT_OBJC_ISA_USAGE = YES_ERROR;
				CLANG_WARN_DOCUMENTATION_COMMENTS = YES;
				CLANG_WARN_EMPTY_BODY = YES;
				CLANG_WARN_ENUM_CONVERSION = YES;
				CLANG_WARN_INFINITE_RECURSION = YES;
				CLANG_WARN_INT_CONVERSION = YES;
				CLANG_WARN_NON_LITERAL_NULL_CONVERSION = YES;
				CLANG_WARN_OBJC_IMPLICIT_RETAIN_SELF = YES;
				CLANG_WARN_OBJC_LITERAL_CONVERSION = YES;
				CLANG_WARN_OBJC_ROOT_CLASS = YES_ERROR;
				CLANG_WARN_QUOTED_INCLUDE_IN_FRAMEWORK_HEADER = YES;
				CLANG_WARN_RANGE_LOOP_ANALYSIS = YES;
				CLANG_WARN_STRICT_PROTOTYPES = YES;
				CLANG_WARN_SUSPICIOUS_MOVE = YES;
				CLANG_WARN_UNGUARDED_AVAILABILITY = YES_AGGRESSIVE;
				CLANG_WARN_UNREACHABLE_CODE = YES;
				CLANG_WARN__DUPLICATE_METHOD_MATCH = YES;
				COPY_PHASE_STRIP = NO;
				DEBUG_INFORMATION_FORMAT = "dwarf-with-dsym";
				ENABLE_NS_ASSERTIONS = NO;
				ENABLE_STRICT_OBJC_MSGSEND = YES;
				GCC_C_LANGUAGE_STANDARD = gnu11;
				GCC_NO_COMMON_BLOCKS = YES;
				GCC_WARN_64_TO_32_BIT_CONVERSION = YES;
				GCC_WARN_ABOUT_RETURN_TYPE = YES_ERROR;
				GCC_WARN_UNDECLARED_SELECTOR = YES;
				GCC_WARN_UNINITIALIZED_AUTOS = YES_AGGRESSIVE;
				GCC_WARN_UNUSED_FUNCTION = YES;
				GCC_WARN_UNUSED_VARIABLE = YES;
				IPHONEOS_DEPLOYMENT_TARGET = 15.5;
				MTL_ENABLE_DEBUG_INFO = NO;
				MTL_FAST_MATH = YES;
				SDKROOT = iphoneos;
				SWIFT_COMPILATION_MODE = wholemodule;
				SWIFT_OPTIMIZATION_LEVEL = "-O";
				VALIDATE_PRODUCT = YES;
			};
			name = Release;
		};
		6A9349E4289064590048C9AD /* Debug */ = {
			isa = XCBuildConfiguration;
			buildSettings = {
				ASSETCATALOG_COMPILER_APPICON_NAME = AppIcon;
				ASSETCATALOG_COMPILER_GLOBAL_ACCENT_COLOR_NAME = AccentColor;
				CODE_SIGN_STYLE = Automatic;
				CURRENT_PROJECT_VERSION = 1;
				DEVELOPMENT_ASSET_PATHS = "\"Terra/Preview Content\"";
				DEVELOPMENT_TEAM = ZMJ2LGCJ85;
				ENABLE_PREVIEWS = YES;
				GENERATE_INFOPLIST_FILE = YES;
				INFOPLIST_KEY_UIApplicationSceneManifest_Generation = YES;
				INFOPLIST_KEY_UIApplicationSupportsIndirectInputEvents = YES;
				INFOPLIST_KEY_UILaunchScreen_Generation = YES;
				INFOPLIST_KEY_UISupportedInterfaceOrientations_iPad = "UIInterfaceOrientationPortrait UIInterfaceOrientationPortraitUpsideDown UIInterfaceOrientationLandscapeLeft UIInterfaceOrientationLandscapeRight";
				INFOPLIST_KEY_UISupportedInterfaceOrientations_iPhone = "UIInterfaceOrientationPortrait UIInterfaceOrientationLandscapeLeft UIInterfaceOrientationLandscapeRight";
				LD_RUNPATH_SEARCH_PATHS = (
					"$(inherited)",
					"@executable_path/Frameworks",
				);
				MARKETING_VERSION = 1.0;
				PRODUCT_BUNDLE_IDENTIFIER = com.michellclaudia.Terra;
				PRODUCT_NAME = "$(TARGET_NAME)";
				SWIFT_EMIT_LOC_STRINGS = YES;
				SWIFT_VERSION = 5.0;
				TARGETED_DEVICE_FAMILY = "1,2";
			};
			name = Debug;
		};
		6A9349E5289064590048C9AD /* Release */ = {
			isa = XCBuildConfiguration;
			buildSettings = {
				ASSETCATALOG_COMPILER_APPICON_NAME = AppIcon;
				ASSETCATALOG_COMPILER_GLOBAL_ACCENT_COLOR_NAME = AccentColor;
				CODE_SIGN_STYLE = Automatic;
				CURRENT_PROJECT_VERSION = 1;
				DEVELOPMENT_ASSET_PATHS = "\"Terra/Preview Content\"";
				DEVELOPMENT_TEAM = ZMJ2LGCJ85;
				ENABLE_PREVIEWS = YES;
				GENERATE_INFOPLIST_FILE = YES;
				INFOPLIST_KEY_UIApplicationSceneManifest_Generation = YES;
				INFOPLIST_KEY_UIApplicationSupportsIndirectInputEvents = YES;
				INFOPLIST_KEY_UILaunchScreen_Generation = YES;
				INFOPLIST_KEY_UISupportedInterfaceOrientations_iPad = "UIInterfaceOrientationPortrait UIInterfaceOrientationPortraitUpsideDown UIInterfaceOrientationLandscapeLeft UIInterfaceOrientationLandscapeRight";
				INFOPLIST_KEY_UISupportedInterfaceOrientations_iPhone = "UIInterfaceOrientationPortrait UIInterfaceOrientationLandscapeLeft UIInterfaceOrientationLandscapeRight";
				LD_RUNPATH_SEARCH_PATHS = (
					"$(inherited)",
					"@executable_path/Frameworks",
				);
				MARKETING_VERSION = 1.0;
				PRODUCT_BUNDLE_IDENTIFIER = com.michellclaudia.Terra;
				PRODUCT_NAME = "$(TARGET_NAME)";
				SWIFT_EMIT_LOC_STRINGS = YES;
				SWIFT_VERSION = 5.0;
				TARGETED_DEVICE_FAMILY = "1,2";
			};
			name = Release;
		};
/* End XCBuildConfiguration section */

/* Begin XCConfigurationList section */
		6A9349D0289064570048C9AD /* Build configuration list for PBXProject "Terra" */ = {
			isa = XCConfigurationList;
			buildConfigurations = (
				6A9349E1289064590048C9AD /* Debug */,
				6A9349E2289064590048C9AD /* Release */,
			);
			defaultConfigurationIsVisible = 0;
			defaultConfigurationName = Release;
		};
		6A9349E3289064590048C9AD /* Build configuration list for PBXNativeTarget "Terra" */ = {
			isa = XCConfigurationList;
			buildConfigurations = (
				6A9349E4289064590048C9AD /* Debug */,
				6A9349E5289064590048C9AD /* Release */,
			);
			defaultConfigurationIsVisible = 0;
			defaultConfigurationName = Release;
		};
/* End XCConfigurationList section */
	};
	rootObject = 6A9349CD289064570048C9AD /* Project object */;
}
